<?xml version="1.0" encoding="utf-8"?>
<Project ToolsVersion="4.0" xmlns="http://schemas.microsoft.com/developer/msbuild/2003">
  <ItemGroup>
    <Filter Include="Исходные файлы">
      <UniqueIdentifier>{4FC737F1-C7A5-4376-A066-2A32D752A2FF}</UniqueIdentifier>
      <Extensions>cpp;c;cc;cxx;c++;cppm;ixx;def;odl;idl;hpj;bat;asm;asmx</Extensions>
    </Filter>
    <Filter Include="Файлы заголовков">
      <UniqueIdentifier>{93995380-89BD-4b04-88EB-625FBE52EBFB}</UniqueIdentifier>
      <Extensions>h;hh;hpp;hxx;h++;hm;inl;inc;ipp;xsd</Extensions>
    </Filter>
    <Filter Include="Файлы ресурсов">
      <UniqueIdentifier>{67DA6AB6-F800-4c08-8B7A-83BB121AAD01}</UniqueIdentifier>
      <Extensions>rc;ico;cur;bmp;dlg;rc2;rct;bin;rgs;gif;jpg;jpeg;jpe;resx;tiff;tif;png;wav;mfcribbon-ms</Extensions>
    </Filter>
  </ItemGroup>
  <ItemGroup>
    <ClCompile Include="main.cpp">
      <Filter>Исходные файлы</Filter>
    </ClCompile>
    <ClCompile Include="imgui\imgui.cpp">
      <Filter>Исходные файлы</Filter>
    </ClCompile>
    <ClCompile Include="imgui\imgui_demo.cpp">
      <Filter>Исходные файлы</Filter>
    </ClCompile>
    <ClCompile Include="imgui\imgui_draw.cpp">
      <Filter>Исходные файлы</Filter>
    </ClCompile>
    <ClCompile Include="imgui\imgui_impl_dx9.cpp">
      <Filter>Исходные файлы</Filter>
    </ClCompile>
    <ClCompile Include="imgui\imgui_impl_win32.cpp">
      <Filter>Исходные файлы</Filter>
    </ClCompile>
    <ClCompile Include="imgui\imgui_tables.cpp">
      <Filter>Исходные файлы</Filter>
    </ClCompile>
    <ClCompile Include="imgui\imgui_widgets.cpp">
      <Filter>Исходные файлы</Filter>
    </ClCompile>
    <ClCompile Include="memwrapper\hde\hde32.cpp">
      <Filter>Исходные файлы</Filter>
    </ClCompile>
  </ItemGroup>
  <ItemGroup>
    <ClInclude Include="main.h">
      <Filter>Файлы заголовков</Filter>
    </ClInclude>
    <ClInclude Include="imgui\imconfig.h">
      <Filter>Файлы заголовков</Filter>
    </ClInclude>
    <ClInclude Include="imgui\imgui.h">
      <Filter>Файлы заголовков</Filter>
    </ClInclude>
    <ClInclude Include="imgui\imgui_impl_dx9.h">
      <Filter>Файлы заголовков</Filter>
    </ClInclude>
    <ClInclude Include="imgui\imgui_impl_win32.h">
      <Filter>Файлы заголовков</Filter>
    </ClInclude>
    <ClInclude Include="imgui\imgui_internal.h">
      <Filter>Файлы заголовков</Filter>
    </ClInclude>
    <ClInclude Include="imgui\imstb_rectpack.h">
      <Filter>Файлы заголовков</Filter>
    </ClInclude>
    <ClInclude Include="imgui\imstb_textedit.h">
      <Filter>Файлы заголовков</Filter>
    </ClInclude>
    <ClInclude Include="imgui\imstb_truetype.h">
      <Filter>Файлы заголовков</Filter>
    </ClInclude>
    <ClInclude Include="memwrapper\hde\hde32.h">
      <Filter>Файлы заголовков</Filter>
    </ClInclude>
    <ClInclude Include="memwrapper\hde\table32.h">
      <Filter>Файлы заголовков</Filter>
    </ClInclude>
    <ClInclude Include="memwrapper\x86\memwrapper_allocator.hpp">
      <Filter>Файлы заголовков</Filter>
    </ClInclude>
    <ClInclude Include="memwrapper\x86\memwrapper_basic.hpp">
      <Filter>Файлы заголовков</Filter>
    </ClInclude>
    <ClInclude Include="memwrapper\x86\memwrapper_detail.hpp">
      <Filter>Файлы заголовков</Filter>
    </ClInclude>
    <ClInclude Include="memwrapper\x86\memwrapper_hook.hpp">
      <Filter>Файлы заголовков</Filter>
    </ClInclude>
    <ClInclude Include="memwrapper\x86\memwrapper_llmo.hpp">
      <Filter>Файлы заголовков</Filter>
    </ClInclude>
    <ClInclude Include="memwrapper\memwrapper.h">
      <Filter>Файлы заголовков</Filter>
    </ClInclude>
    <ClInclude Include="sampapi\0.3.7-R1\AimStuff.h">
      <Filter>Файлы заголовков</Filter>
    </ClInclude>
    <ClInclude Include="sampapi\0.3.7-R1\Animation.h">
      <Filter>Файлы заголовков</Filter>
    </ClInclude>
    <ClInclude Include="sampapi\0.3.7-R1\CActor.h">
      <Filter>Файлы заголовков</Filter>
    </ClInclude>
    <ClInclude Include="sampapi\0.3.7-R1\CActorPool.h">
      <Filter>Файлы заголовков</Filter>
    </ClInclude>
    <ClInclude Include="sampapi\0.3.7-R1\CAudio.h">
      <Filter>Файлы заголовков</Filter>
    </ClInclude>
    <ClInclude Include="sampapi\0.3.7-R1\CAudioStream.h">
      <Filter>Файлы заголовков</Filter>
    </ClInclude>
    <ClInclude Include="sampapi\0.3.7-R1\CCamera.h">
      <Filter>Файлы заголовков</Filter>
    </ClInclude>
    <ClInclude Include="sampapi\0.3.7-R1\CChat.h">
      <Filter>Файлы заголовков</Filter>
    </ClInclude>
    <ClInclude Include="sampapi\0.3.7-R1\CChatBubble.h">
      <Filter>Файлы заголовков</Filter>
    </ClInclude>
    <ClInclude Include="sampapi\0.3.7-R1\CConfig.h">
      <Filter>Файлы заголовков</Filter>
    </ClInclude>
    <ClInclude Include="sampapi\0.3.7-R1\CDeathWindow.h">
      <Filter>Файлы заголовков</Filter>
    </ClInclude>
    <ClInclude Include="sampapi\0.3.7-R1\CDialog.h">
      <Filter>Файлы заголовков</Filter>
    </ClInclude>
    <ClInclude Include="sampapi\0.3.7-R1\CEntity.h">
      <Filter>Файлы заголовков</Filter>
    </ClInclude>
    <ClInclude Include="sampapi\0.3.7-R1\CFonts.h">
      <Filter>Файлы заголовков</Filter>
    </ClInclude>
    <ClInclude Include="sampapi\0.3.7-R1\CGame.h">
      <Filter>Файлы заголовков</Filter>
    </ClInclude>
    <ClInclude Include="sampapi\0.3.7-R1\CGangZonePool.h">
      <Filter>Файлы заголовков</Filter>
    </ClInclude>
    <ClInclude Include="sampapi\0.3.7-R1\CHelpDialog.h">
      <Filter>Файлы заголовков</Filter>
    </ClInclude>
    <ClInclude Include="sampapi\0.3.7-R1\CHttpClient.h">
      <Filter>Файлы заголовков</Filter>
    </ClInclude>
    <ClInclude Include="sampapi\0.3.7-R1\CInput.h">
      <Filter>Файлы заголовков</Filter>
    </ClInclude>
    <ClInclude Include="sampapi\0.3.7-R1\CLabel.h">
      <Filter>Файлы заголовков</Filter>
    </ClInclude>
    <ClInclude Include="sampapi\0.3.7-R1\CLabelPool.h">
      <Filter>Файлы заголовков</Filter>
    </ClInclude>
    <ClInclude Include="sampapi\0.3.7-R1\CLicensePlate.h">
      <Filter>Файлы заголовков</Filter>
    </ClInclude>
    <ClInclude Include="sampapi\0.3.7-R1\CLocalPlayer.h">
      <Filter>Файлы заголовков</Filter>
    </ClInclude>
    <ClInclude Include="sampapi\0.3.7-R1\CMenu.h">
      <Filter>Файлы заголовков</Filter>
    </ClInclude>
    <ClInclude Include="sampapi\0.3.7-R1\CMenuPool.h">
      <Filter>Файлы заголовков</Filter>
    </ClInclude>
    <ClInclude Include="sampapi\0.3.7-R1\CNetGame.h">
      <Filter>Файлы заголовков</Filter>
    </ClInclude>
    <ClInclude Include="sampapi\0.3.7-R1\CNetStats.h">
      <Filter>Файлы заголовков</Filter>
    </ClInclude>
    <ClInclude Include="sampapi\0.3.7-R1\CObject.h">
      <Filter>Файлы заголовков</Filter>
    </ClInclude>
    <ClInclude Include="sampapi\0.3.7-R1\CObjectEdit.h">
      <Filter>Файлы заголовков</Filter>
    </ClInclude>
    <ClInclude Include="sampapi\0.3.7-R1\CObjectMaterialText.h">
      <Filter>Файлы заголовков</Filter>
    </ClInclude>
    <ClInclude Include="sampapi\0.3.7-R1\CObjectPool.h">
      <Filter>Файлы заголовков</Filter>
    </ClInclude>
    <ClInclude Include="sampapi\0.3.7-R1\CObjectSelection.h">
      <Filter>Файлы заголовков</Filter>
    </ClInclude>
    <ClInclude Include="sampapi\0.3.7-R1\Commands.h">
      <Filter>Файлы заголовков</Filter>
    </ClInclude>
    <ClInclude Include="sampapi\0.3.7-R1\ControllerState.h">
      <Filter>Файлы заголовков</Filter>
    </ClInclude>
    <ClInclude Include="sampapi\0.3.7-R1\CPed.h">
      <Filter>Файлы заголовков</Filter>
    </ClInclude>
    <ClInclude Include="sampapi\0.3.7-R1\CPickupPool.h">
      <Filter>Файлы заголовков</Filter>
    </ClInclude>
    <ClInclude Include="sampapi\0.3.7-R1\CPlayerInfo.h">
      <Filter>Файлы заголовков</Filter>
    </ClInclude>
    <ClInclude Include="sampapi\0.3.7-R1\CPlayerPool.h">
      <Filter>Файлы заголовков</Filter>
    </ClInclude>
    <ClInclude Include="sampapi\0.3.7-R1\CPlayerTags.h">
      <Filter>Файлы заголовков</Filter>
    </ClInclude>
    <ClInclude Include="sampapi\0.3.7-R1\CRemotePlayer.h">
      <Filter>Файлы заголовков</Filter>
    </ClInclude>
    <ClInclude Include="sampapi\0.3.7-R1\CScoreboard.h">
      <Filter>Файлы заголовков</Filter>
    </ClInclude>
    <ClInclude Include="sampapi\0.3.7-R1\CSpawnScreen.h">
      <Filter>Файлы заголовков</Filter>
    </ClInclude>
    <ClInclude Include="sampapi\0.3.7-R1\CSrvNetStats.h">
      <Filter>Файлы заголовков</Filter>
    </ClInclude>
    <ClInclude Include="sampapi\0.3.7-R1\CTextDraw.h">
      <Filter>Файлы заголовков</Filter>
    </ClInclude>
    <ClInclude Include="sampapi\0.3.7-R1\CTextDrawPool.h">
      <Filter>Файлы заголовков</Filter>
    </ClInclude>
    <ClInclude Include="sampapi\0.3.7-R1\CTextDrawSelection.h">
      <Filter>Файлы заголовков</Filter>
    </ClInclude>
    <ClInclude Include="sampapi\0.3.7-R1\CVehicle.h">
      <Filter>Файлы заголовков</Filter>
    </ClInclude>
    <ClInclude Include="sampapi\0.3.7-R1\CVehiclePool.h">
      <Filter>Файлы заголовков</Filter>
    </ClInclude>
    <ClInclude Include="sampapi\0.3.7-R1\Debug.h">
      <Filter>Файлы заголовков</Filter>
    </ClInclude>
    <ClInclude Include="sampapi\0.3.7-R1\DebugScript.h">
      <Filter>Файлы заголовков</Filter>
    </ClInclude>
    <ClInclude Include="sampapi\0.3.7-R1\Exception.h">
      <Filter>Файлы заголовков</Filter>
    </ClInclude>
    <ClInclude Include="sampapi\0.3.7-R1\GUI.h">
      <Filter>Файлы заголовков</Filter>
    </ClInclude>
    <ClInclude Include="sampapi\0.3.7-R1\InputHandler.h">
      <Filter>Файлы заголовков</Filter>
    </ClInclude>
    <ClInclude Include="sampapi\0.3.7-R1\KeyStuff.h">
      <Filter>Файлы заголовков</Filter>
    </ClInclude>
    <ClInclude Include="sampapi\0.3.7-R1\RPC.h">
      <Filter>Файлы заголовков</Filter>
    </ClInclude>
    <ClInclude Include="sampapi\0.3.7-R1\Scripting.h">
      <Filter>Файлы заголовков</Filter>
    </ClInclude>
    <ClInclude Include="sampapi\0.3.7-R1\Settings.h">
      <Filter>Файлы заголовков</Filter>
    </ClInclude>
    <ClInclude Include="sampapi\0.3.7-R1\SpecialAction.h">
      <Filter>Файлы заголовков</Filter>
    </ClInclude>
    <ClInclude Include="sampapi\0.3.7-R1\Synchronization.h">
      <Filter>Файлы заголовков</Filter>
    </ClInclude>
    <ClInclude Include="sampapi\0.3.7-R1\VehicleSelection.h">
      <Filter>Файлы заголовков</Filter>
    </ClInclude>
    <ClInclude Include="sampapi\0.3.7-R3-1\AimStuff.h">
      <Filter>Файлы заголовков</Filter>
    </ClInclude>
    <ClInclude Include="sampapi\0.3.7-R3-1\Animation.h">
      <Filter>Файлы заголовков</Filter>
    </ClInclude>
    <ClInclude Include="sampapi\0.3.7-R3-1\CActor.h">
      <Filter>Файлы заголовков</Filter>
    </ClInclude>
    <ClInclude Include="sampapi\0.3.7-R3-1\CActorPool.h">
      <Filter>Файлы заголовков</Filter>
    </ClInclude>
    <ClInclude Include="sampapi\0.3.7-R3-1\CAudio.h">
      <Filter>Файлы заголовков</Filter>
    </ClInclude>
    <ClInclude Include="sampapi\0.3.7-R3-1\CAudioStream.h">
      <Filter>Файлы заголовков</Filter>
    </ClInclude>
    <ClInclude Include="sampapi\0.3.7-R3-1\CCamera.h">
      <Filter>Файлы заголовков</Filter>
    </ClInclude>
    <ClInclude Include="sampapi\0.3.7-R3-1\CChat.h">
      <Filter>Файлы заголовков</Filter>
    </ClInclude>
    <ClInclude Include="sampapi\0.3.7-R3-1\CChatBubble.h">
      <Filter>Файлы заголовков</Filter>
    </ClInclude>
    <ClInclude Include="sampapi\0.3.7-R3-1\CConfig.h">
      <Filter>Файлы заголовков</Filter>
    </ClInclude>
    <ClInclude Include="sampapi\0.3.7-R3-1\CDeathWindow.h">
      <Filter>Файлы заголовков</Filter>
    </ClInclude>
    <ClInclude Include="sampapi\0.3.7-R3-1\CDialog.h">
      <Filter>Файлы заголовков</Filter>
    </ClInclude>
    <ClInclude Include="sampapi\0.3.7-R3-1\CEntity.h">
      <Filter>Файлы заголовков</Filter>
    </ClInclude>
    <ClInclude Include="sampapi\0.3.7-R3-1\CFont.h">
      <Filter>Файлы заголовков</Filter>
    </ClInclude>
    <ClInclude Include="sampapi\0.3.7-R3-1\CFonts.h">
      <Filter>Файлы заголовков</Filter>
    </ClInclude>
    <ClInclude Include="sampapi\0.3.7-R3-1\CGame.h">
      <Filter>Файлы заголовков</Filter>
    </ClInclude>
    <ClInclude Include="sampapi\0.3.7-R3-1\CGangZonePool.h">
      <Filter>Файлы заголовков</Filter>
    </ClInclude>
    <ClInclude Include="sampapi\0.3.7-R3-1\CHelpDialog.h">
      <Filter>Файлы заголовков</Filter>
    </ClInclude>
    <ClInclude Include="sampapi\0.3.7-R3-1\CHttpClient.h">
      <Filter>Файлы заголовков</Filter>
    </ClInclude>
    <ClInclude Include="sampapi\0.3.7-R3-1\CInput.h">
      <Filter>Файлы заголовков</Filter>
    </ClInclude>
    <ClInclude Include="sampapi\0.3.7-R3-1\CLabel.h">
      <Filter>Файлы заголовков</Filter>
    </ClInclude>
    <ClInclude Include="sampapi\0.3.7-R3-1\CLabelPool.h">
      <Filter>Файлы заголовков</Filter>
    </ClInclude>
    <ClInclude Include="sampapi\0.3.7-R3-1\CLicensePlate.h">
      <Filter>Файлы заголовков</Filter>
    </ClInclude>
    <ClInclude Include="sampapi\0.3.7-R3-1\CLocalPlayer.h">
      <Filter>Файлы заголовков</Filter>
    </ClInclude>
    <ClInclude Include="sampapi\0.3.7-R3-1\CMenu.h">
      <Filter>Файлы заголовков</Filter>
    </ClInclude>
    <ClInclude Include="sampapi\0.3.7-R3-1\CMenuPool.h">
      <Filter>Файлы заголовков</Filter>
    </ClInclude>
    <ClInclude Include="sampapi\0.3.7-R3-1\CNetGame.h">
      <Filter>Файлы заголовков</Filter>
    </ClInclude>
    <ClInclude Include="sampapi\0.3.7-R3-1\CNetStats.h">
      <Filter>Файлы заголовков</Filter>
    </ClInclude>
    <ClInclude Include="sampapi\0.3.7-R3-1\CObject.h">
      <Filter>Файлы заголовков</Filter>
    </ClInclude>
    <ClInclude Include="sampapi\0.3.7-R3-1\CObjectEdit.h">
      <Filter>Файлы заголовков</Filter>
    </ClInclude>
    <ClInclude Include="sampapi\0.3.7-R3-1\CObjectMaterialText.h">
      <Filter>Файлы заголовков</Filter>
    </ClInclude>
    <ClInclude Include="sampapi\0.3.7-R3-1\CObjectPool.h">
      <Filter>Файлы заголовков</Filter>
    </ClInclude>
    <ClInclude Include="sampapi\0.3.7-R3-1\CObjectSelection.h">
      <Filter>Файлы заголовков</Filter>
    </ClInclude>
    <ClInclude Include="sampapi\0.3.7-R3-1\Commands.h">
      <Filter>Файлы заголовков</Filter>
    </ClInclude>
    <ClInclude Include="sampapi\0.3.7-R3-1\ControllerState.h">
      <Filter>Файлы заголовков</Filter>
    </ClInclude>
    <ClInclude Include="sampapi\0.3.7-R3-1\CPed.h">
      <Filter>Файлы заголовков</Filter>
    </ClInclude>
    <ClInclude Include="sampapi\0.3.7-R3-1\CPickupPool.h">
      <Filter>Файлы заголовков</Filter>
    </ClInclude>
    <ClInclude Include="sampapi\0.3.7-R3-1\CPlayerInfo.h">
      <Filter>Файлы заголовков</Filter>
    </ClInclude>
    <ClInclude Include="sampapi\0.3.7-R3-1\CPlayerPool.h">
      <Filter>Файлы заголовков</Filter>
    </ClInclude>
    <ClInclude Include="sampapi\0.3.7-R3-1\CPlayerTags.h">
      <Filter>Файлы заголовков</Filter>
    </ClInclude>
    <ClInclude Include="sampapi\0.3.7-R3-1\CRemotePlayer.h">
      <Filter>Файлы заголовков</Filter>
    </ClInclude>
    <ClInclude Include="sampapi\0.3.7-R3-1\CScoreboard.h">
      <Filter>Файлы заголовков</Filter>
    </ClInclude>
    <ClInclude Include="sampapi\0.3.7-R3-1\CSpawnScreen.h">
      <Filter>Файлы заголовков</Filter>
    </ClInclude>
    <ClInclude Include="sampapi\0.3.7-R3-1\CSrvNetStats.h">
      <Filter>Файлы заголовков</Filter>
    </ClInclude>
    <ClInclude Include="sampapi\0.3.7-R3-1\CTextDraw.h">
      <Filter>Файлы заголовков</Filter>
    </ClInclude>
    <ClInclude Include="sampapi\0.3.7-R3-1\CTextDrawPool.h">
      <Filter>Файлы заголовков</Filter>
    </ClInclude>
    <ClInclude Include="sampapi\0.3.7-R3-1\CTextDrawSelection.h">
      <Filter>Файлы заголовков</Filter>
    </ClInclude>
    <ClInclude Include="sampapi\0.3.7-R3-1\CVehicle.h">
      <Filter>Файлы заголовков</Filter>
    </ClInclude>
    <ClInclude Include="sampapi\0.3.7-R3-1\CVehiclePool.h">
      <Filter>Файлы заголовков</Filter>
    </ClInclude>
    <ClInclude Include="sampapi\0.3.7-R3-1\DebugScript.h">
      <Filter>Файлы заголовков</Filter>
    </ClInclude>
    <ClInclude Include="sampapi\0.3.7-R3-1\Exception.h">
      <Filter>Файлы заголовков</Filter>
    </ClInclude>
    <ClInclude Include="sampapi\0.3.7-R3-1\GUI.h">
      <Filter>Файлы заголовков</Filter>
    </ClInclude>
    <ClInclude Include="sampapi\0.3.7-R3-1\InputHandler.h">
      <Filter>Файлы заголовков</Filter>
    </ClInclude>
    <ClInclude Include="sampapi\0.3.7-R3-1\KeyStuff.h">
      <Filter>Файлы заголовков</Filter>
    </ClInclude>
    <ClInclude Include="sampapi\0.3.7-R3-1\RPCHandlers.h">
      <Filter>Файлы заголовков</Filter>
    </ClInclude>
    <ClInclude Include="sampapi\0.3.7-R3-1\Scripting.h">
      <Filter>Файлы заголовков</Filter>
    </ClInclude>
    <ClInclude Include="sampapi\0.3.7-R3-1\Settings.h">
      <Filter>Файлы заголовков</Filter>
    </ClInclude>
    <ClInclude Include="sampapi\0.3.7-R3-1\SpecialAction.h">
      <Filter>Файлы заголовков</Filter>
    </ClInclude>
    <ClInclude Include="sampapi\0.3.7-R3-1\Synchronization.h">
      <Filter>Файлы заголовков</Filter>
    </ClInclude>
    <ClInclude Include="sampapi\0.3.7-R5-1\AimStuff.h">
      <Filter>Файлы заголовков</Filter>
    </ClInclude>
    <ClInclude Include="sampapi\0.3.7-R5-1\Animation.h">
      <Filter>Файлы заголовков</Filter>
    </ClInclude>
    <ClInclude Include="sampapi\0.3.7-R5-1\CActor.h">
      <Filter>Файлы заголовков</Filter>
    </ClInclude>
    <ClInclude Include="sampapi\0.3.7-R5-1\CActorPool.h">
      <Filter>Файлы заголовков</Filter>
    </ClInclude>
    <ClInclude Include="sampapi\0.3.7-R5-1\CAudio.h">
      <Filter>Файлы заголовков</Filter>
    </ClInclude>
    <ClInclude Include="sampapi\0.3.7-R5-1\CAudioStream.h">
      <Filter>Файлы заголовков</Filter>
    </ClInclude>
    <ClInclude Include="sampapi\0.3.7-R5-1\CCamera.h">
      <Filter>Файлы заголовков</Filter>
    </ClInclude>
    <ClInclude Include="sampapi\0.3.7-R5-1\CChat.h">
      <Filter>Файлы заголовков</Filter>
    </ClInclude>
    <ClInclude Include="sampapi\0.3.7-R5-1\CChatBubble.h">
      <Filter>Файлы заголовков</Filter>
    </ClInclude>
    <ClInclude Include="sampapi\0.3.7-R5-1\CConfig.h">
      <Filter>Файлы заголовков</Filter>
    </ClInclude>
    <ClInclude Include="sampapi\0.3.7-R5-1\CDeathWindow.h">
      <Filter>Файлы заголовков</Filter>
    </ClInclude>
    <ClInclude Include="sampapi\0.3.7-R5-1\CDialog.h">
      <Filter>Файлы заголовков</Filter>
    </ClInclude>
    <ClInclude Include="sampapi\0.3.7-R5-1\CEntity.h">
      <Filter>Файлы заголовков</Filter>
    </ClInclude>
    <ClInclude Include="sampapi\0.3.7-R5-1\CFont.h">
      <Filter>Файлы заголовков</Filter>
    </ClInclude>
    <ClInclude Include="sampapi\0.3.7-R5-1\CFonts.h">
      <Filter>Файлы заголовков</Filter>
    </ClInclude>
    <ClInclude Include="sampapi\0.3.7-R5-1\CGame.h">
      <Filter>Файлы заголовков</Filter>
    </ClInclude>
    <ClInclude Include="sampapi\0.3.7-R5-1\CGangZonePool.h">
      <Filter>Файлы заголовков</Filter>
    </ClInclude>
    <ClInclude Include="sampapi\0.3.7-R5-1\CHelpDialog.h">
      <Filter>Файлы заголовков</Filter>
    </ClInclude>
    <ClInclude Include="sampapi\0.3.7-R5-1\CHttpClient.h">
      <Filter>Файлы заголовков</Filter>
    </ClInclude>
    <ClInclude Include="sampapi\0.3.7-R5-1\CInput.h">
      <Filter>Файлы заголовков</Filter>
    </ClInclude>
    <ClInclude Include="sampapi\0.3.7-R5-1\CLabel.h">
      <Filter>Файлы заголовков</Filter>
    </ClInclude>
    <ClInclude Include="sampapi\0.3.7-R5-1\CLabelPool.h">
      <Filter>Файлы заголовков</Filter>
    </ClInclude>
    <ClInclude Include="sampapi\0.3.7-R5-1\CLicensePlate.h">
      <Filter>Файлы заголовков</Filter>
    </ClInclude>
    <ClInclude Include="sampapi\0.3.7-R5-1\CLocalPlayer.h">
      <Filter>Файлы заголовков</Filter>
    </ClInclude>
    <ClInclude Include="sampapi\0.3.7-R5-1\CMenu.h">
      <Filter>Файлы заголовков</Filter>
    </ClInclude>
    <ClInclude Include="sampapi\0.3.7-R5-1\CMenuPool.h">
      <Filter>Файлы заголовков</Filter>
    </ClInclude>
    <ClInclude Include="sampapi\0.3.7-R5-1\CNetGame.h">
      <Filter>Файлы заголовков</Filter>
    </ClInclude>
    <ClInclude Include="sampapi\0.3.7-R5-1\CNetStats.h">
      <Filter>Файлы заголовков</Filter>
    </ClInclude>
    <ClInclude Include="sampapi\0.3.7-R5-1\CObject.h">
      <Filter>Файлы заголовков</Filter>
    </ClInclude>
    <ClInclude Include="sampapi\0.3.7-R5-1\CObjectEdit.h">
      <Filter>Файлы заголовков</Filter>
    </ClInclude>
    <ClInclude Include="sampapi\0.3.7-R5-1\CObjectMaterialText.h">
      <Filter>Файлы заголовков</Filter>
    </ClInclude>
    <ClInclude Include="sampapi\0.3.7-R5-1\CObjectPool.h">
      <Filter>Файлы заголовков</Filter>
    </ClInclude>
    <ClInclude Include="sampapi\0.3.7-R5-1\CObjectSelection.h">
      <Filter>Файлы заголовков</Filter>
    </ClInclude>
    <ClInclude Include="sampapi\0.3.7-R5-1\Commands.h">
      <Filter>Файлы заголовков</Filter>
    </ClInclude>
    <ClInclude Include="sampapi\0.3.7-R5-1\ControllerState.h">
      <Filter>Файлы заголовков</Filter>
    </ClInclude>
    <ClInclude Include="sampapi\0.3.7-R5-1\CPed.h">
      <Filter>Файлы заголовков</Filter>
    </ClInclude>
    <ClInclude Include="sampapi\0.3.7-R5-1\CPickupPool.h">
      <Filter>Файлы заголовков</Filter>
    </ClInclude>
    <ClInclude Include="sampapi\0.3.7-R5-1\CPlayerInfo.h">
      <Filter>Файлы заголовков</Filter>
    </ClInclude>
    <ClInclude Include="sampapi\0.3.7-R5-1\CPlayerPool.h">
      <Filter>Файлы заголовков</Filter>
    </ClInclude>
    <ClInclude Include="sampapi\0.3.7-R5-1\CPlayerTags.h">
      <Filter>Файлы заголовков</Filter>
    </ClInclude>
    <ClInclude Include="sampapi\0.3.7-R5-1\CRemotePlayer.h">
      <Filter>Файлы заголовков</Filter>
    </ClInclude>
    <ClInclude Include="sampapi\0.3.7-R5-1\CScoreboard.h">
      <Filter>Файлы заголовков</Filter>
    </ClInclude>
    <ClInclude Include="sampapi\0.3.7-R5-1\CSpawnScreen.h">
      <Filter>Файлы заголовков</Filter>
    </ClInclude>
    <ClInclude Include="sampapi\0.3.7-R5-1\CSrvNetStats.h">
      <Filter>Файлы заголовков</Filter>
    </ClInclude>
    <ClInclude Include="sampapi\0.3.7-R5-1\CTextDraw.h">
      <Filter>Файлы заголовков</Filter>
    </ClInclude>
    <ClInclude Include="sampapi\0.3.7-R5-1\CTextDrawPool.h">
      <Filter>Файлы заголовков</Filter>
    </ClInclude>
    <ClInclude Include="sampapi\0.3.7-R5-1\CTextDrawSelection.h">
      <Filter>Файлы заголовков</Filter>
    </ClInclude>
    <ClInclude Include="sampapi\0.3.7-R5-1\CVehicle.h">
      <Filter>Файлы заголовков</Filter>
    </ClInclude>
    <ClInclude Include="sampapi\0.3.7-R5-1\CVehiclePool.h">
      <Filter>Файлы заголовков</Filter>
    </ClInclude>
    <ClInclude Include="sampapi\0.3.7-R5-1\DebugScript.h">
      <Filter>Файлы заголовков</Filter>
    </ClInclude>
    <ClInclude Include="sampapi\0.3.7-R5-1\Exception.h">
      <Filter>Файлы заголовков</Filter>
    </ClInclude>
    <ClInclude Include="sampapi\0.3.7-R5-1\GUI.h">
      <Filter>Файлы заголовков</Filter>
    </ClInclude>
    <ClInclude Include="sampapi\0.3.7-R5-1\InputHandler.h">
      <Filter>Файлы заголовков</Filter>
    </ClInclude>
    <ClInclude Include="sampapi\0.3.7-R5-1\KeyStuff.h">
      <Filter>Файлы заголовков</Filter>
    </ClInclude>
    <ClInclude Include="sampapi\0.3.7-R5-1\RPCHandlers.h">
      <Filter>Файлы заголовков</Filter>
    </ClInclude>
    <ClInclude Include="sampapi\0.3.7-R5-1\Scripting.h">
      <Filter>Файлы заголовков</Filter>
    </ClInclude>
    <ClInclude Include="sampapi\0.3.7-R5-1\Settings.h">
      <Filter>Файлы заголовков</Filter>
    </ClInclude>
    <ClInclude Include="sampapi\0.3.7-R5-1\SpecialAction.h">
      <Filter>Файлы заголовков</Filter>
    </ClInclude>
    <ClInclude Include="sampapi\0.3.7-R5-1\Synchronization.h">
      <Filter>Файлы заголовков</Filter>
    </ClInclude>
    <ClInclude Include="sampapi\AimStuff.h">
      <Filter>Файлы заголовков</Filter>
    </ClInclude>
    <ClInclude Include="sampapi\Animation.h">
      <Filter>Файлы заголовков</Filter>
    </ClInclude>
    <ClInclude Include="sampapi\CActor.h">
      <Filter>Файлы заголовков</Filter>
    </ClInclude>
    <ClInclude Include="sampapi\CActorPool.h">
      <Filter>Файлы заголовков</Filter>
    </ClInclude>
    <ClInclude Include="sampapi\CAudio.h">
      <Filter>Файлы заголовков</Filter>
    </ClInclude>
    <ClInclude Include="sampapi\CAudioStream.h">
      <Filter>Файлы заголовков</Filter>
    </ClInclude>
    <ClInclude Include="sampapi\CCamera.h">
      <Filter>Файлы заголовков</Filter>
    </ClInclude>
    <ClInclude Include="sampapi\CChat.h">
      <Filter>Файлы заголовков</Filter>
    </ClInclude>
    <ClInclude Include="sampapi\CChatBubble.h">
      <Filter>Файлы заголовков</Filter>
    </ClInclude>
    <ClInclude Include="sampapi\CConfig.h">
      <Filter>Файлы заголовков</Filter>
    </ClInclude>
    <ClInclude Include="sampapi\CDeathWindow.h">
      <Filter>Файлы заголовков</Filter>
    </ClInclude>
    <ClInclude Include="sampapi\CDialog.h">
      <Filter>Файлы заголовков</Filter>
    </ClInclude>
    <ClInclude Include="sampapi\CEntity.h">
      <Filter>Файлы заголовков</Filter>
    </ClInclude>
    <ClInclude Include="sampapi\CFont.h">
      <Filter>Файлы заголовков</Filter>
    </ClInclude>
    <ClInclude Include="sampapi\CFonts.h">
      <Filter>Файлы заголовков</Filter>
    </ClInclude>
    <ClInclude Include="sampapi\CGame.h">
      <Filter>Файлы заголовков</Filter>
    </ClInclude>
    <ClInclude Include="sampapi\CGangZonePool.h">
      <Filter>Файлы заголовков</Filter>
    </ClInclude>
    <ClInclude Include="sampapi\CHelpDialog.h">
      <Filter>Файлы заголовков</Filter>
    </ClInclude>
    <ClInclude Include="sampapi\CHttpClient.h">
      <Filter>Файлы заголовков</Filter>
    </ClInclude>
    <ClInclude Include="sampapi\CInput.h">
      <Filter>Файлы заголовков</Filter>
    </ClInclude>
    <ClInclude Include="sampapi\CLabel.h">
      <Filter>Файлы заголовков</Filter>
    </ClInclude>
    <ClInclude Include="sampapi\CLabelPool.h">
      <Filter>Файлы заголовков</Filter>
    </ClInclude>
    <ClInclude Include="sampapi\CLicensePlate.h">
      <Filter>Файлы заголовков</Filter>
    </ClInclude>
    <ClInclude Include="sampapi\CLocalPlayer.h">
      <Filter>Файлы заголовков</Filter>
    </ClInclude>
    <ClInclude Include="sampapi\CMatrix.h">
      <Filter>Файлы заголовков</Filter>
    </ClInclude>
    <ClInclude Include="sampapi\CMenu.h">
      <Filter>Файлы заголовков</Filter>
    </ClInclude>
    <ClInclude Include="sampapi\CMenuPool.h">
      <Filter>Файлы заголовков</Filter>
    </ClInclude>
    <ClInclude Include="sampapi\CNetGame.h">
      <Filter>Файлы заголовков</Filter>
    </ClInclude>
    <ClInclude Include="sampapi\CNetStats.h">
      <Filter>Файлы заголовков</Filter>
    </ClInclude>
    <ClInclude Include="sampapi\CObject.h">
      <Filter>Файлы заголовков</Filter>
    </ClInclude>
    <ClInclude Include="sampapi\CObjectEdit.h">
      <Filter>Файлы заголовков</Filter>
    </ClInclude>
    <ClInclude Include="sampapi\CObjectMaterialText.h">
      <Filter>Файлы заголовков</Filter>
    </ClInclude>
    <ClInclude Include="sampapi\CObjectPool.h">
      <Filter>Файлы заголовков</Filter>
    </ClInclude>
    <ClInclude Include="sampapi\CObjectSelection.h">
      <Filter>Файлы заголовков</Filter>
    </ClInclude>
    <ClInclude Include="sampapi\Commands.h">
      <Filter>Файлы заголовков</Filter>
    </ClInclude>
    <ClInclude Include="sampapi\ControllerState.h">
      <Filter>Файлы заголовков</Filter>
    </ClInclude>
    <ClInclude Include="sampapi\CPed.h">
      <Filter>Файлы заголовков</Filter>
    </ClInclude>
    <ClInclude Include="sampapi\CPickupPool.h">
      <Filter>Файлы заголовков</Filter>
    </ClInclude>
    <ClInclude Include="sampapi\CPlayerInfo.h">
      <Filter>Файлы заголовков</Filter>
    </ClInclude>
    <ClInclude Include="sampapi\CPlayerPool.h">
      <Filter>Файлы заголовков</Filter>
    </ClInclude>
    <ClInclude Include="sampapi\CPlayerTags.h">
      <Filter>Файлы заголовков</Filter>
    </ClInclude>
    <ClInclude Include="sampapi\CPoint.h">
      <Filter>Файлы заголовков</Filter>
    </ClInclude>
    <ClInclude Include="sampapi\CRect.h">
      <Filter>Файлы заголовков</Filter>
    </ClInclude>
    <ClInclude Include="sampapi\CRemotePlayer.h">
      <Filter>Файлы заголовков</Filter>
    </ClInclude>
    <ClInclude Include="sampapi\CScoreboard.h">
      <Filter>Файлы заголовков</Filter>
    </ClInclude>
    <ClInclude Include="sampapi\CSpawnScreen.h">
      <Filter>Файлы заголовков</Filter>
    </ClInclude>
    <ClInclude Include="sampapi\CSrvNetStats.h">
      <Filter>Файлы заголовков</Filter>
    </ClInclude>
    <ClInclude Include="sampapi\CTextDraw.h">
      <Filter>Файлы заголовков</Filter>
    </ClInclude>
    <ClInclude Include="sampapi\CTextDrawPool.h">
      <Filter>Файлы заголовков</Filter>
    </ClInclude>
    <ClInclude Include="sampapi\CTextDrawSelection.h">
      <Filter>Файлы заголовков</Filter>
    </ClInclude>
    <ClInclude Include="sampapi\CVector.h">
      <Filter>Файлы заголовков</Filter>
    </ClInclude>
    <ClInclude Include="sampapi\CVehicle.h">
      <Filter>Файлы заголовков</Filter>
    </ClInclude>
    <ClInclude Include="sampapi\CVehiclePool.h">
      <Filter>Файлы заголовков</Filter>
    </ClInclude>
    <ClInclude Include="sampapi\Debug.h">
      <Filter>Файлы заголовков</Filter>
    </ClInclude>
    <ClInclude Include="sampapi\DebugScript.h">
      <Filter>Файлы заголовков</Filter>
    </ClInclude>
    <ClInclude Include="sampapi\Exception.h">
      <Filter>Файлы заголовков</Filter>
    </ClInclude>
    <ClInclude Include="sampapi\GUI.h">
      <Filter>Файлы заголовков</Filter>
    </ClInclude>
    <ClInclude Include="sampapi\InputHandler.h">
      <Filter>Файлы заголовков</Filter>
    </ClInclude>
    <ClInclude Include="sampapi\KeyStuff.h">
      <Filter>Файлы заголовков</Filter>
    </ClInclude>
    <ClInclude Include="sampapi\RPC.h">
      <Filter>Файлы заголовков</Filter>
    </ClInclude>
    <ClInclude Include="sampapi\RPCHandlers.h">
      <Filter>Файлы заголовков</Filter>
    </ClInclude>
    <ClInclude Include="sampapi\sampapi.h">
      <Filter>Файлы заголовков</Filter>
    </ClInclude>
    <ClInclude Include="sampapi\Scripting.h">
      <Filter>Файлы заголовков</Filter>
    </ClInclude>
    <ClInclude Include="sampapi\Settings.h">
      <Filter>Файлы заголовков</Filter>
    </ClInclude>
    <ClInclude Include="sampapi\SpecialAction.h">
      <Filter>Файлы заголовков</Filter>
    </ClInclude>
    <ClInclude Include="sampapi\Synchronization.h">
      <Filter>Файлы заголовков</Filter>
    </ClInclude>
    <ClInclude Include="sampapi\VehicleSelection.h">
      <Filter>Файлы заголовков</Filter>
    </ClInclude>
    <ClInclude Include="imguiFunctions.hpp">
      <Filter>Файлы заголовков</Filter>
    </ClInclude>
    <ClInclude Include="SAMP.hpp">
      <Filter>Файлы заголовков</Filter>
    </ClInclude>
    <ClInclude Include="afk.h">
      <Filter>Файлы заголовков</Filter>
    </ClInclude>
  </ItemGroup>
  <ItemGroup>
    <Library Include="sampapi.lib" />
  </ItemGroup>
</Project>